{
  "name": "parser-fixture",
  "lockfileVersion": 3,
  "packages": {
    "": {
      "dependencies": {
        "@sentry/nextjs": "^8.0.0"
      }
    },
    "node_modules/@sentry/node": {
      "version": "8.1.0",
      "resolved": "https://registry.npmjs.org/@sentry/node/-/node-8.1.0.tgz"
    }
  },
  "dependencies": {
    "@sentry/node": {
      "version": "8.1.0",
      "resolved": "https://registry.npmjs.org/@sentry/node/-/node-8.1.0.tgz"
    }
  }
}
